
Microsoft Visual Studio Solution File, Format Version 12.00
# Visual Studio Version 16
VisualStudioVersion = 16.0.29215.179
MinimumVisualStudioVersion = 10.0.40219.1
Project("{FAE04EC0-301F-11D3-BF4B-00C04F79EFBC}") = "ENGIE_Challenge", "ENGIE_Challenge\ENGIE_Challenge.csproj", "{47063732-C02C-44E0-94F7-0B3F020C0845}"
EndProject
Global
	GlobalSection(SolutionConfigurationPlatforms) = preSolution
		Debug|Any CPU = Debug|Any CPU
		Release|Any CPU = Release|Any CPU
	EndGlobalSection
	GlobalSection(ProjectConfigurationPlatforms) = postSolution
		{47063732-C02C-44E0-94F7-0B3F020C0845}.Debug|Any CPU.ActiveCfg = Debug|Any CPU
		{47063732-C02C-44E0-94F7-0B3F020C0845}.Debug|Any CPU.Build.0 = Debug|Any CPU
		{47063732-C02C-44E0-94F7-0B3F020C0845}.Release|Any CPU.ActiveCfg = Release|Any CPU
		{47063732-C02C-44E0-94F7-0B3F020C0845}.Release|Any CPU.Build.0 = Release|Any CPU
	EndGlobalSection
	GlobalSection(SolutionProperties) = preSolution
		HideSolutionNode = FALSE
	EndGlobalSection
	GlobalSection(ExtensibilityGlobals) = postSolution
		SolutionGuid = {309E217E-2A23-44ED-AD2D-77A295D9FBF0}
	EndGlobalSection
EndGlobal
